
Microsoft Visual Studio Solution File, Format Version 12.00
# Visual Studio Version 17
VisualStudioVersion = 17.4.33205.214
MinimumVisualStudioVersion = 10.0.40219.1
Project("{FAE04EC0-301F-11D3-BF4B-00C04F79EFBC}") = "SinglaRWithCharts", "SinglaRWithCharts\SinglaRWithCharts.csproj", "{BA5564E3-382C-400C-AEF2-F1585F3C6B4D}"
EndProject
Global
	GlobalSection(SolutionConfigurationPlatforms) = preSolution
		Debug|Any CPU = Debug|Any CPU
		Release|Any CPU = Release|Any CPU
	EndGlobalSection
	GlobalSection(ProjectConfigurationPlatforms) = postSolution
		{BA5564E3-382C-400C-AEF2-F1585F3C6B4D}.Debug|Any CPU.ActiveCfg = Debug|Any CPU
		{BA5564E3-382C-400C-AEF2-F1585F3C6B4D}.Debug|Any CPU.Build.0 = Debug|Any CPU
		{BA5564E3-382C-400C-AEF2-F1585F3C6B4D}.Release|Any CPU.ActiveCfg = Release|Any CPU
		{BA5564E3-382C-400C-AEF2-F1585F3C6B4D}.Release|Any CPU.Build.0 = Release|Any CPU
	EndGlobalSection
	GlobalSection(SolutionProperties) = preSolution
		HideSolutionNode = FALSE
	EndGlobalSection
	GlobalSection(ExtensibilityGlobals) = postSolution
		SolutionGuid = {D94DCEEA-284B-44A0-BB12-B127EBF32A73}
	EndGlobalSection
EndGlobal
